
Microsoft Visual Studio Solution File, Format Version 12.00
# Visual Studio Version 17
VisualStudioVersion = 17.11.35312.102
MinimumVisualStudioVersion = 10.0.40219.1
Project("{FAE04EC0-301F-11D3-BF4B-00C04F79EFBC}") = "BT_BUOI6.GUI", "BT_BUOI6.GUI.csproj", "{5A9FBF3E-0D90-49F2-B155-E756C0346C86}"
EndProject
Project("{FAE04EC0-301F-11D3-BF4B-00C04F79EFBC}") = "BT_BUOI_6.DAL", "..\BT_BUOI_6.DAL\BT_BUOI_6.DAL.csproj", "{CF60439E-444C-4086-AA88-119B83F9DFBD}"
EndProject
Project("{FAE04EC0-301F-11D3-BF4B-00C04F79EFBC}") = "BT_BUOI_6.BUS", "..\BT_BUOI_6.BUS\BT_BUOI_6.BUS.csproj", "{BE27C98F-31C2-4B52-AA03-0C1782A7677D}"
EndProject
Global
	GlobalSection(SolutionConfigurationPlatforms) = preSolution
		Debug|Any CPU = Debug|Any CPU
		Release|Any CPU = Release|Any CPU
	EndGlobalSection
	GlobalSection(ProjectConfigurationPlatforms) = postSolution
		{5A9FBF3E-0D90-49F2-B155-E756C0346C86}.Debug|Any CPU.ActiveCfg = Debug|Any CPU
		{5A9FBF3E-0D90-49F2-B155-E756C0346C86}.Debug|Any CPU.Build.0 = Debug|Any CPU
		{5A9FBF3E-0D90-49F2-B155-E756C0346C86}.Release|Any CPU.ActiveCfg = Release|Any CPU
		{5A9FBF3E-0D90-49F2-B155-E756C0346C86}.Release|Any CPU.Build.0 = Release|Any CPU
		{CF60439E-444C-4086-AA88-119B83F9DFBD}.Debug|Any CPU.ActiveCfg = Debug|Any CPU
		{CF60439E-444C-4086-AA88-119B83F9DFBD}.Debug|Any CPU.Build.0 = Debug|Any CPU
		{CF60439E-444C-4086-AA88-119B83F9DFBD}.Release|Any CPU.ActiveCfg = Release|Any CPU
		{CF60439E-444C-4086-AA88-119B83F9DFBD}.Release|Any CPU.Build.0 = Release|Any CPU
		{BE27C98F-31C2-4B52-AA03-0C1782A7677D}.Debug|Any CPU.ActiveCfg = Debug|Any CPU
		{BE27C98F-31C2-4B52-AA03-0C1782A7677D}.Debug|Any CPU.Build.0 = Debug|Any CPU
		{BE27C98F-31C2-4B52-AA03-0C1782A7677D}.Release|Any CPU.ActiveCfg = Release|Any CPU
		{BE27C98F-31C2-4B52-AA03-0C1782A7677D}.Release|Any CPU.Build.0 = Release|Any CPU
	EndGlobalSection
	GlobalSection(SolutionProperties) = preSolution
		HideSolutionNode = FALSE
	EndGlobalSection
	GlobalSection(ExtensibilityGlobals) = postSolution
		SolutionGuid = {26C72002-4314-488E-A9D1-7E61A94EC5B0}
	EndGlobalSection
EndGlobal
